{
  "version": "3",
  "packages": {
    "specifiers": {
      "npm:create-hono@latest": "npm:create-hono@0.11.0"
    },
    "npm": {
      "create-hono@0.11.0": {
        "integrity": "sha512-JbWkO/3NqMC5qGXwpo6WnoA4Cwtl0QO+4VPYPCkXCM0StIuVaFrRYQ2VXvtMpyXdQQGU9/EGz1ZVh8UGLu+2Vw==",
        "dependencies": {}
      }
    }
  },
  "remote": {},
  "workspace": {
    "dependencies": [
      "jsr:@std/assert@^1.0.0"
    ]
  }
}
